// !$*UTF8*$!
{
	archiveVersion = 1;
	classes = {
	};
	objectVersion = 50;
	objects = {

/* Begin PBXBuildFile section */
		88A55A3D255D082900B62716 /* AppDelegate.swift in Sources */ = {isa = PBXBuildFile; fileRef = 88A55A3C255D082900B62716 /* AppDelegate.swift */; };
		88A55A3F255D082900B62716 /* SceneDelegate.swift in Sources */ = {isa = PBXBuildFile; fileRef = 88A55A3E255D082900B62716 /* SceneDelegate.swift */; };
		88A55A41255D082900B62716 /* ViewController.swift in Sources */ = {isa = PBXBuildFile; fileRef = 88A55A40255D082900B62716 /* ViewController.swift */; };
		88A55A44255D082900B62716 /* Main.storyboard in Resources */ = {isa = PBXBuildFile; fileRef = 88A55A42255D082900B62716 /* Main.storyboard */; };
		88A55A46255D082A00B62716 /* Assets.xcassets in Resources */ = {isa = PBXBuildFile; fileRef = 88A55A45255D082A00B62716 /* Assets.xcassets */; };
		88A55A49255D082A00B62716 /* LaunchScreen.storyboard in Resources */ = {isa = PBXBuildFile; fileRef = 88A55A47255D082A00B62716 /* LaunchScreen.storyboard */; };
		88A55A54255D082A00B62716 /* table_viewTests.swift in Sources */ = {isa = PBXBuildFile; fileRef = 88A55A53255D082A00B62716 /* table_viewTests.swift */; };
		88A55A5F255D082A00B62716 /* table_viewUITests.swift in Sources */ = {isa = PBXBuildFile; fileRef = 88A55A5E255D082A00B62716 /* table_viewUITests.swift */; };
		88A55A70255D15BD00B62716 /* ProvinsiTableViewCell.swift in Sources */ = {isa = PBXBuildFile; fileRef = 88A55A6F255D15BD00B62716 /* ProvinsiTableViewCell.swift */; };
/* End PBXBuildFile section */

/* Begin PBXContainerItemProxy section */
		88A55A50255D082A00B62716 /* PBXContainerItemProxy */ = {
			isa = PBXContainerItemProxy;
			containerPortal = 88A55A31255D082900B62716 /* Project object */;
			proxyType = 1;
			remoteGlobalIDString = 88A55A38255D082900B62716;
			remoteInfo = table_view;
		};
		88A55A5B255D082A00B62716 /* PBXContainerItemProxy */ = {
			isa = PBXContainerItemProxy;
			containerPortal = 88A55A31255D082900B62716 /* Project object */;
			proxyType = 1;
			remoteGlobalIDString = 88A55A38255D082900B62716;
			remoteInfo = table_view;
		};
/* End PBXContainerItemProxy section */

/* Begin PBXFileReference section */
		88A55A39255D082900B62716 /* table_view.app */ = {isa = PBXFileReference; explicitFileType = wrapper.application; includeInIndex = 0; path = table_view.app; sourceTree = BUILT_PRODUCTS_DIR; };
		88A55A3C255D082900B62716 /* AppDelegate.swift */ = {isa = PBXFileReference; lastKnownFileType = sourcecode.swift; path = AppDelegate.swift; sourceTree = "<group>"; };
		88A55A3E255D082900B62716 /* SceneDelegate.swift */ = {isa = PBXFileReference; lastKnownFileType = sourcecode.swift; path = SceneDelegate.swift; sourceTree = "<group>"; };
		88A55A40255D082900B62716 /* ViewController.swift */ = {isa = PBXFileReference; lastKnownFileType = sourcecode.swift; path = ViewController.swift; sourceTree = "<group>"; };
		88A55A43255D082900B62716 /* Base */ = {isa = PBXFileReference; lastKnownFileType = file.storyboard; name = Base; path = Base.lproj/Main.storyboard; sourceTree = "<group>"; };
		88A55A45255D082A00B62716 /* Assets.xcassets */ = {isa = PBXFileReference; lastKnownFileType = folder.assetcatalog; path = Assets.xcassets; sourceTree = "<group>"; };
		88A55A48255D082A00B62716 /* Base */ = {isa = PBXFileReference; lastKnownFileType = file.storyboard; name = Base; path = Base.lproj/LaunchScreen.storyboard; sourceTree = "<group>"; };
		88A55A4A255D082A00B62716 /* Info.plist */ = {isa = PBXFileReference; lastKnownFileType = text.plist.xml; path = Info.plist; sourceTree = "<group>"; };
		88A55A4F255D082A00B62716 /* table_viewTests.xctest */ = {isa = PBXFileReference; explicitFileType = wrapper.cfbundle; includeInIndex = 0; path = table_viewTests.xctest; sourceTree = BUILT_PRODUCTS_DIR; };
		88A55A53255D082A00B62716 /* table_viewTests.swift */ = {isa = PBXFileReference; lastKnownFileType = sourcecode.swift; path = table_viewTests.swift; sourceTree = "<group>"; };
		88A55A55255D082A00B62716 /* Info.plist */ = {isa = PBXFileReference; lastKnownFileType = text.plist.xml; path = Info.plist; sourceTree = "<group>"; };
		88A55A5A255D082A00B62716 /* table_viewUITests.xctest */ = {isa = PBXFileReference; explicitFileType = wrapper.cfbundle; includeInIndex = 0; path = table_viewUITests.xctest; sourceTree = BUILT_PRODUCTS_DIR; };
		88A55A5E255D082A00B62716 /* table_viewUITests.swift */ = {isa = PBXFileReference; lastKnownFileType = sourcecode.swift; path = table_viewUITests.swift; sourceTree = "<group>"; };
		88A55A60255D082A00B62716 /* Info.plist */ = {isa = PBXFileReference; lastKnownFileType = text.plist.xml; path = Info.plist; sourceTree = "<group>"; };
		88A55A6F255D15BD00B62716 /* ProvinsiTableViewCell.swift */ = {isa = PBXFileReference; lastKnownFileType = sourcecode.swift; path = ProvinsiTableViewCell.swift; sourceTree = "<group>"; };
/* End PBXFileReference section */

/* Begin PBXFrameworksBuildPhase section */
		88A55A36255D082900B62716 /* Frameworks */ = {
			isa = PBXFrameworksBuildPhase;
			buildActionMask = 2147483647;
			files = (
			);
			runOnlyForDeploymentPostprocessing = 0;
		};
		88A55A4C255D082A00B62716 /* Frameworks */ = {
			isa = PBXFrameworksBuildPhase;
			buildActionMask = 2147483647;
			files = (
			);
			runOnlyForDeploymentPostprocessing = 0;
		};
		88A55A57255D082A00B62716 /* Frameworks */ = {
			isa = PBXFrameworksBuildPhase;
			buildActionMask = 2147483647;
			files = (
			);
			runOnlyForDeploymentPostprocessing = 0;
		};
/* End PBXFrameworksBuildPhase section */

/* Begin PBXGroup section */
		88A55A30255D082900B62716 = {
			isa = PBXGroup;
			children = (
				88A55A3B255D082900B62716 /* table_view */,
				88A55A52255D082A00B62716 /* table_viewTests */,
				88A55A5D255D082A00B62716 /* table_viewUITests */,
				88A55A3A255D082900B62716 /* Products */,
			);
			sourceTree = "<group>";
		};
		88A55A3A255D082900B62716 /* Products */ = {
			isa = PBXGroup;
			children = (
				88A55A39255D082900B62716 /* table_view.app */,
				88A55A4F255D082A00B62716 /* table_viewTests.xctest */,
				88A55A5A255D082A00B62716 /* table_viewUITests.xctest */,
			);
			name = Products;
			sourceTree = "<group>";
		};
		88A55A3B255D082900B62716 /* table_view */ = {
			isa = PBXGroup;
			children = (
				88A55A3C255D082900B62716 /* AppDelegate.swift */,
				88A55A3E255D082900B62716 /* SceneDelegate.swift */,
				88A55A40255D082900B62716 /* ViewController.swift */,
				88A55A42255D082900B62716 /* Main.storyboard */,
				88A55A45255D082A00B62716 /* Assets.xcassets */,
				88A55A47255D082A00B62716 /* LaunchScreen.storyboard */,
				88A55A4A255D082A00B62716 /* Info.plist */,
				88A55A6F255D15BD00B62716 /* ProvinsiTableViewCell.swift */,
			);
			path = table_view;
			sourceTree = "<group>";
		};
		88A55A52255D082A00B62716 /* table_viewTests */ = {
			isa = PBXGroup;
			children = (
				88A55A53255D082A00B62716 /* table_viewTests.swift */,
				88A55A55255D082A00B62716 /* Info.plist */,
			);
			path = table_viewTests;
			sourceTree = "<group>";
		};
		88A55A5D255D082A00B62716 /* table_viewUITests */ = {
			isa = PBXGroup;
			children = (
				88A55A5E255D082A00B62716 /* table_viewUITests.swift */,
				88A55A60255D082A00B62716 /* Info.plist */,
			);
			path = table_viewUITests;
			sourceTree = "<group>";
		};
/* End PBXGroup section */

/* Begin PBXNativeTarget section */
		88A55A38255D082900B62716 /* table_view */ = {
			isa = PBXNativeTarget;
			buildConfigurationList = 88A55A63255D082A00B62716 /* Build configuration list for PBXNativeTarget "table_view" */;
			buildPhases = (
				88A55A35255D082900B62716 /* Sources */,
				88A55A36255D082900B62716 /* Frameworks */,
				88A55A37255D082900B62716 /* Resources */,
			);
			buildRules = (
			);
			dependencies = (
			);
			name = table_view;
			productName = table_view;
			productReference = 88A55A39255D082900B62716 /* table_view.app */;
			productType = "com.apple.product-type.application";
		};
		88A55A4E255D082A00B62716 /* table_viewTests */ = {
			isa = PBXNativeTarget;
			buildConfigurationList = 88A55A66255D082A00B62716 /* Build configuration list for PBXNativeTarget "table_viewTests" */;
			buildPhases = (
				88A55A4B255D082A00B62716 /* Sources */,
				88A55A4C255D082A00B62716 /* Frameworks */,
				88A55A4D255D082A00B62716 /* Resources */,
			);
			buildRules = (
			);
			dependencies = (
				88A55A51255D082A00B62716 /* PBXTargetDependency */,
			);
			name = table_viewTests;
			productName = table_viewTests;
			productReference = 88A55A4F255D082A00B62716 /* table_viewTests.xctest */;
			productType = "com.apple.product-type.bundle.unit-test";
		};
		88A55A59255D082A00B62716 /* table_viewUITests */ = {
			isa = PBXNativeTarget;
			buildConfigurationList = 88A55A69255D082A00B62716 /* Build configuration list for PBXNativeTarget "table_viewUITests" */;
			buildPhases = (
				88A55A56255D082A00B62716 /* Sources */,
				88A55A57255D082A00B62716 /* Frameworks */,
				88A55A58255D082A00B62716 /* Resources */,
			);
			buildRules = (
			);
			dependencies = (
				88A55A5C255D082A00B62716 /* PBXTargetDependency */,
			);
			name = table_viewUITests;
			productName = table_viewUITests;
			productReference = 88A55A5A255D082A00B62716 /* table_viewUITests.xctest */;
			productType = "com.apple.product-type.bundle.ui-testing";
		};
/* End PBXNativeTarget section */

/* Begin PBXProject section */
		88A55A31255D082900B62716 /* Project object */ = {
			isa = PBXProject;
			attributes = {
				LastSwiftUpdateCheck = 1210;
				LastUpgradeCheck = 1210;
				TargetAttributes = {
					88A55A38255D082900B62716 = {
						CreatedOnToolsVersion = 12.1;
					};
					88A55A4E255D082A00B62716 = {
						CreatedOnToolsVersion = 12.1;
						TestTargetID = 88A55A38255D082900B62716;
					};
					88A55A59255D082A00B62716 = {
						CreatedOnToolsVersion = 12.1;
						TestTargetID = 88A55A38255D082900B62716;
					};
				};
			};
			buildConfigurationList = 88A55A34255D082900B62716 /* Build configuration list for PBXProject "table_view" */;
			compatibilityVersion = "Xcode 9.3";
			developmentRegion = en;
			hasScannedForEncodings = 0;
			knownRegions = (
				en,
				Base,
			);
			mainGroup = 88A55A30255D082900B62716;
			productRefGroup = 88A55A3A255D082900B62716 /* Products */;
			projectDirPath = "";
			projectRoot = "";
			targets = (
				88A55A38255D082900B62716 /* table_view */,
				88A55A4E255D082A00B62716 /* table_viewTests */,
				88A55A59255D082A00B62716 /* table_viewUITests */,
			);
		};
/* End PBXProject section */

/* Begin PBXResourcesBuildPhase section */
		88A55A37255D082900B62716 /* Resources */ = {
			isa = PBXResourcesBuildPhase;
			buildActionMask = 2147483647;
			files = (
				88A55A49255D082A00B62716 /* LaunchScreen.storyboard in Resources */,
				88A55A46255D082A00B62716 /* Assets.xcassets in Resources */,
				88A55A44255D082900B62716 /* Main.storyboard in Resources */,
			);
			runOnlyForDeploymentPostprocessing = 0;
		};
		88A55A4D255D082A00B62716 /* Resources */ = {
			isa = PBXResourcesBuildPhase;
			buildActionMask = 2147483647;
			files = (
			);
			runOnlyForDeploymentPostprocessing = 0;
		};
		88A55A58255D082A00B62716 /* Resources */ = {
			isa = PBXResourcesBuildPhase;
			buildActionMask = 2147483647;
			files = (
			);
			runOnlyForDeploymentPostprocessing = 0;
		};
/* End PBXResourcesBuildPhase section */

/* Begin PBXSourcesBuildPhase section */
		88A55A35255D082900B62716 /* Sources */ = {
			isa = PBXSourcesBuildPhase;
			buildActionMask = 2147483647;
			files = (
				88A55A41255D082900B62716 /* ViewController.swift in Sources */,
				88A55A3D255D082900B62716 /* AppDelegate.swift in Sources */,
				88A55A3F255D082900B62716 /* SceneDelegate.swift in Sources */,
				88A55A70255D15BD00B62716 /* ProvinsiTableViewCell.swift in Sources */,
			);
			runOnlyForDeploymentPostprocessing = 0;
		};
		88A55A4B255D082A00B62716 /* Sources */ = {
			isa = PBXSourcesBuildPhase;
			buildActionMask = 2147483647;
			files = (
				88A55A54255D082A00B62716 /* table_viewTests.swift in Sources */,
			);
			runOnlyForDeploymentPostprocessing = 0;
		};
		88A55A56255D082A00B62716 /* Sources */ = {
			isa = PBXSourcesBuildPhase;
			buildActionMask = 2147483647;
			files = (
				88A55A5F255D082A00B62716 /* table_viewUITests.swift in Sources */,
			);
			runOnlyForDeploymentPostprocessing = 0;
		};
/* End PBXSourcesBuildPhase section */

/* Begin PBXTargetDependency section */
		88A55A51255D082A00B62716 /* PBXTargetDependency */ = {
			isa = PBXTargetDependency;
			target = 88A55A38255D082900B62716 /* table_view */;
			targetProxy = 88A55A50255D082A00B62716 /* PBXContainerItemProxy */;
		};
		88A55A5C255D082A00B62716 /* PBXTargetDependency */ = {
			isa = PBXTargetDependency;
			target = 88A55A38255D082900B62716 /* table_view */;
			targetProxy = 88A55A5B255D082A00B62716 /* PBXContainerItemProxy */;
		};
/* End PBXTargetDependency section */

/* Begin PBXVariantGroup section */
		88A55A42255D082900B62716 /* Main.storyboard */ = {
			isa = PBXVariantGroup;
			children = (
				88A55A43255D082900B62716 /* Base */,
			);
			name = Main.storyboard;
			sourceTree = "<group>";
		};
		88A55A47255D082A00B62716 /* LaunchScreen.storyboard */ = {
			isa = PBXVariantGroup;
			children = (
				88A55A48255D082A00B62716 /* Base */,
			);
			name = LaunchScreen.storyboard;
			sourceTree = "<group>";
		};
/* End PBXVariantGroup section */

/* Begin XCBuildConfiguration section */
		88A55A61255D082A00B62716 /* Debug */ = {
			isa = XCBuildConfiguration;
			buildSettings = {
				ALWAYS_SEARCH_USER_PATHS = NO;
				CLANG_ANALYZER_NONNULL = YES;
				CLANG_ANALYZER_NUMBER_OBJECT_CONVERSION = YES_AGGRESSIVE;
				CLANG_CXX_LANGUAGE_STANDARD = "gnu++14";
				CLANG_CXX_LIBRARY = "libc++";
				CLANG_ENABLE_MODULES = YES;
				CLANG_ENABLE_OBJC_ARC = YES;
				CLANG_ENABLE_OBJC_WEAK = YES;
				CLANG_WARN_BLOCK_CAPTURE_AUTORELEASING = YES;
				CLANG_WARN_BOOL_CONVERSION = YES;
				CLANG_WARN_COMMA = YES;
				CLANG_WARN_CONSTANT_CONVERSION = YES;
				CLANG_WARN_DEPRECATED_OBJC_IMPLEMENTATIONS = YES;
				CLANG_WARN_DIRECT_OBJC_ISA_USAGE = YES_ERROR;
				CLANG_WARN_DOCUMENTATION_COMMENTS = YES;
				CLANG_WARN_EMPTY_BODY = YES;
				CLANG_WARN_ENUM_CONVERSION = YES;
				CLANG_WARN_INFINITE_RECURSION = YES;
				CLANG_WARN_INT_CONVERSION = YES;
				CLANG_WARN_NON_LITERAL_NULL_CONVERSION = YES;
				CLANG_WARN_OBJC_IMPLICIT_RETAIN_SELF = YES;
				CLANG_WARN_OBJC_LITERAL_CONVERSION = YES;
				CLANG_WARN_OBJC_ROOT_CLASS = YES_ERROR;
				CLANG_WARN_QUOTED_INCLUDE_IN_FRAMEWORK_HEADER = YES;
				CLANG_WARN_RANGE_LOOP_ANALYSIS = YES;
				CLANG_WARN_STRICT_PROTOTYPES = YES;
				CLANG_WARN_SUSPICIOUS_MOVE = YES;
				CLANG_WARN_UNGUARDED_AVAILABILITY = YES_AGGRESSIVE;
				CLANG_WARN_UNREACHABLE_CODE = YES;
				CLANG_WARN__DUPLICATE_METHOD_MATCH = YES;
				COPY_PHASE_STRIP = NO;
				DEBUG_INFORMATION_FORMAT = dwarf;
				ENABLE_STRICT_OBJC_MSGSEND = YES;
				ENABLE_TESTABILITY = YES;
				GCC_C_LANGUAGE_STANDARD = gnu11;
				GCC_DYNAMIC_NO_PIC = NO;
				GCC_NO_COMMON_BLOCKS = YES;
				GCC_OPTIMIZATION_LEVEL = 0;
				GCC_PREPROCESSOR_DEFINITIONS = (
					"DEBUG=1",
					"$(inherited)",
				);
				GCC_WARN_64_TO_32_BIT_CONVERSION = YES;
				GCC_WARN_ABOUT_RETURN_TYPE = YES_ERROR;
				GCC_WARN_UNDECLARED_SELECTOR = YES;
				GCC_WARN_UNINITIALIZED_AUTOS = YES_AGGRESSIVE;
				GCC_WARN_UNUSED_FUNCTION = YES;
				GCC_WARN_UNUSED_VARIABLE = YES;
				IPHONEOS_DEPLOYMENT_TARGET = 14.1;
				MTL_ENABLE_DEBUG_INFO = INCLUDE_SOURCE;
				MTL_FAST_MATH = YES;
				ONLY_ACTIVE_ARCH = YES;
				SDKROOT = iphoneos;
				SWIFT_ACTIVE_COMPILATION_CONDITIONS = DEBUG;
				SWIFT_OPTIMIZATION_LEVEL = "-Onone";
			};
			name = Debug;
		};
		88A55A62255D082A00B62716 /* Release */ = {
			isa = XCBuildConfiguration;
			buildSettings = {
				ALWAYS_SEARCH_USER_PATHS = NO;
				CLANG_ANALYZER_NONNULL = YES;
				CLANG_ANALYZER_NUMBER_OBJECT_CONVERSION = YES_AGGRESSIVE;
				CLANG_CXX_LANGUAGE_STANDARD = "gnu++14";
				CLANG_CXX_LIBRARY = "libc++";
				CLANG_ENABLE_MODULES = YES;
				CLANG_ENABLE_OBJC_ARC = YES;
				CLANG_ENABLE_OBJC_WEAK = YES;
				CLANG_WARN_BLOCK_CAPTURE_AUTORELEASING = YES;
				CLANG_WARN_BOOL_CONVERSION = YES;
				CLANG_WARN_COMMA = YES;
				CLANG_WARN_CONSTANT_CONVERSION = YES;
				CLANG_WARN_DEPRECATED_OBJC_IMPLEMENTATIONS = YES;
				CLANG_WARN_DIRECT_OBJC_ISA_USAGE = YES_ERROR;
				CLANG_WARN_DOCUMENTATION_COMMENTS = YES;
				CLANG_WARN_EMPTY_BODY = YES;
				CLANG_WARN_ENUM_CONVERSION = YES;
				CLANG_WARN_INFINITE_RECURSION = YES;
				CLANG_WARN_INT_CONVERSION = YES;
				CLANG_WARN_NON_LITERAL_NULL_CONVERSION = YES;
				CLANG_WARN_OBJC_IMPLICIT_RETAIN_SELF = YES;
				CLANG_WARN_OBJC_LITERAL_CONVERSION = YES;
				CLANG_WARN_OBJC_ROOT_CLASS = YES_ERROR;
				CLANG_WARN_QUOTED_INCLUDE_IN_FRAMEWORK_HEADER = YES;
				CLANG_WARN_RANGE_LOOP_ANALYSIS = YES;
				CLANG_WARN_STRICT_PROTOTYPES = YES;
				CLANG_WARN_SUSPICIOUS_MOVE = YES;
				CLANG_WARN_UNGUARDED_AVAILABILITY = YES_AGGRESSIVE;
				CLANG_WARN_UNREACHABLE_CODE = YES;
				CLANG_WARN__DUPLICATE_METHOD_MATCH = YES;
				COPY_PHASE_STRIP = NO;
				DEBUG_INFORMATION_FORMAT = "dwarf-with-dsym";
				ENABLE_NS_ASSERTIONS = NO;
				ENABLE_STRICT_OBJC_MSGSEND = YES;
				GCC_C_LANGUAGE_STANDARD = gnu11;
				GCC_NO_COMMON_BLOCKS = YES;
				GCC_WARN_64_TO_32_BIT_CONVERSION = YES;
				GCC_WARN_ABOUT_RETURN_TYPE = YES_ERROR;
				GCC_WARN_UNDECLARED_SELECTOR = YES;
				GCC_WARN_UNINITIALIZED_AUTOS = YES_AGGRESSIVE;
				GCC_WARN_UNUSED_FUNCTION = YES;
				GCC_WARN_UNUSED_VARIABLE = YES;
				IPHONEOS_DEPLOYMENT_TARGET = 14.1;
				MTL_ENABLE_DEBUG_INFO = NO;
				MTL_FAST_MATH = YES;
				SDKROOT = iphoneos;
				SWIFT_COMPILATION_MODE = wholemodule;
				SWIFT_OPTIMIZATION_LEVEL = "-O";
				VALIDATE_PRODUCT = YES;
			};
			name = Release;
		};
		88A55A64255D082A00B62716 /* Debug */ = {
			isa = XCBuildConfiguration;
			buildSettings = {
				ASSETCATALOG_COMPILER_APPICON_NAME = AppIcon;
				ASSETCATALOG_COMPILER_GLOBAL_ACCENT_COLOR_NAME = AccentColor;
				CODE_SIGN_STYLE = Automatic;
				INFOPLIST_FILE = table_view/Info.plist;
				LD_RUNPATH_SEARCH_PATHS = (
					"$(inherited)",
					"@executable_path/Frameworks",
				);
				PRODUCT_BUNDLE_IDENTIFIER = "growdev.table-view";
				PRODUCT_NAME = "$(TARGET_NAME)";
				SWIFT_VERSION = 5.0;
				TARGETED_DEVICE_FAMILY = "1,2";
			};
			name = Debug;
		};
		88A55A65255D082A00B62716 /* Release */ = {
			isa = XCBuildConfiguration;
			buildSettings = {
				ASSETCATALOG_COMPILER_APPICON_NAME = AppIcon;
				ASSETCATALOG_COMPILER_GLOBAL_ACCENT_COLOR_NAME = AccentColor;
				CODE_SIGN_STYLE = Automatic;
				INFOPLIST_FILE = table_view/Info.plist;
				LD_RUNPATH_SEARCH_PATHS = (
					"$(inherited)",
					"@executable_path/Frameworks",
				);
				PRODUCT_BUNDLE_IDENTIFIER = "growdev.table-view";
				PRODUCT_NAME = "$(TARGET_NAME)";
				SWIFT_VERSION = 5.0;
				TARGETED_DEVICE_FAMILY = "1,2";
			};
			name = Release;
		};
		88A55A67255D082A00B62716 /* Debug */ = {
			isa = XCBuildConfiguration;
			buildSettings = {
				ALWAYS_EMBED_SWIFT_STANDARD_LIBRARIES = YES;
				BUNDLE_LOADER = "$(TEST_HOST)";
				CODE_SIGN_STYLE = Automatic;
				INFOPLIST_FILE = table_viewTests/Info.plist;
				IPHONEOS_DEPLOYMENT_TARGET = 14.1;
				LD_RUNPATH_SEARCH_PATHS = (
					"$(inherited)",
					"@executable_path/Frameworks",
					"@loader_path/Frameworks",
				);
				PRODUCT_BUNDLE_IDENTIFIER = "growdev.table-viewTests";
				PRODUCT_NAME = "$(TARGET_NAME)";
				SWIFT_VERSION = 5.0;
				TARGETED_DEVICE_FAMILY = "1,2";
				TEST_HOST = "$(BUILT_PRODUCTS_DIR)/table_view.app/table_view";
			};
			name = Debug;
		};
		88A55A68255D082A00B62716 /* Release */ = {
			isa = XCBuildConfiguration;
			buildSettings = {
				ALWAYS_EMBED_SWIFT_STANDARD_LIBRARIES = YES;
				BUNDLE_LOADER = "$(TEST_HOST)";
				CODE_SIGN_STYLE = Automatic;
				INFOPLIST_FILE = table_viewTests/Info.plist;
				IPHONEOS_DEPLOYMENT_TARGET = 14.1;
				LD_RUNPATH_SEARCH_PATHS = (
					"$(inherited)",
					"@executable_path/Frameworks",
					"@loader_path/Frameworks",
				);
				PRODUCT_BUNDLE_IDENTIFIER = "growdev.table-viewTests";
				PRODUCT_NAME = "$(TARGET_NAME)";
				SWIFT_VERSION = 5.0;
				TARGETED_DEVICE_FAMILY = "1,2";
				TEST_HOST = "$(BUILT_PRODUCTS_DIR)/table_view.app/table_view";
			};
			name = Release;
		};
		88A55A6A255D082A00B62716 /* Debug */ = {
			isa = XCBuildConfiguration;
			buildSettings = {
				ALWAYS_EMBED_SWIFT_STANDARD_LIBRARIES = YES;
				CODE_SIGN_STYLE = Automatic;
				INFOPLIST_FILE = table_viewUITests/Info.plist;
				LD_RUNPATH_SEARCH_PATHS = (
					"$(inherited)",
					"@executable_path/Frameworks",
					"@loader_path/Frameworks",
				);
				PRODUCT_BUNDLE_IDENTIFIER = "growdev.table-viewUITests";
				PRODUCT_NAME = "$(TARGET_NAME)";
				SWIFT_VERSION = 5.0;
				TARGETED_DEVICE_FAMILY = "1,2";
				TEST_TARGET_NAME = table_view;
			};
			name = Debug;
		};
		88A55A6B255D082A00B62716 /* Release */ = {
			isa = XCBuildConfiguration;
			buildSettings = {
				ALWAYS_EMBED_SWIFT_STANDARD_LIBRARIES = YES;
				CODE_SIGN_STYLE = Automatic;
				INFOPLIST_FILE = table_viewUITests/Info.plist;
				LD_RUNPATH_SEARCH_PATHS = (
					"$(inherited)",
					"@executable_path/Frameworks",
					"@loader_path/Frameworks",
				);
				PRODUCT_BUNDLE_IDENTIFIER = "growdev.table-viewUITests";
				PRODUCT_NAME = "$(TARGET_NAME)";
				SWIFT_VERSION = 5.0;
				TARGETED_DEVICE_FAMILY = "1,2";
				TEST_TARGET_NAME = table_view;
			};
			name = Release;
		};
/* End XCBuildConfiguration section */

/* Begin XCConfigurationList section */
		88A55A34255D082900B62716 /* Build configuration list for PBXProject "table_view" */ = {
			isa = XCConfigurationList;
			buildConfigurations = (
				88A55A61255D082A00B62716 /* Debug */,
				88A55A62255D082A00B62716 /* Release */,
			);
			defaultConfigurationIsVisible = 0;
			defaultConfigurationName = Release;
		};
		88A55A63255D082A00B62716 /* Build configuration list for PBXNativeTarget "table_view" */ = {
			isa = XCConfigurationList;
			buildConfigurations = (
				88A55A64255D082A00B62716 /* Debug */,
				88A55A65255D082A00B62716 /* Release */,
			);
			defaultConfigurationIsVisible = 0;
			defaultConfigurationName = Release;
		};
		88A55A66255D082A00B62716 /* Build configuration list for PBXNativeTarget "table_viewTests" */ = {
			isa = XCConfigurationList;
			buildConfigurations = (
				88A55A67255D082A00B62716 /* Debug */,
				88A55A68255D082A00B62716 /* Release */,
			);
			defaultConfigurationIsVisible = 0;
			defaultConfigurationName = Release;
		};
		88A55A69255D082A00B62716 /* Build configuration list for PBXNativeTarget "table_viewUITests" */ = {
			isa = XCConfigurationList;
			buildConfigurations = (
				88A55A6A255D082A00B62716 /* Debug */,
				88A55A6B255D082A00B62716 /* Release */,
			);
			defaultConfigurationIsVisible = 0;
			defaultConfigurationName = Release;
		};
/* End XCConfigurationList section */
	};
	rootObject = 88A55A31255D082900B62716 /* Project object */;
}
